
Microsoft Visual Studio Solution File, Format Version 12.00
# Visual Studio Version 16
VisualStudioVersion = 16.0.30330.147
MinimumVisualStudioVersion = 10.0.40219.1
Project("{8BC9CEB8-8B4A-11D0-8D11-00A0C91BC942}") = "t6", "t6.vcxproj", "{732B9E9A-1F86-43C1-A8F3-F3FC3691B5F5}"
	ProjectSection(ProjectDependencies) = postProject
		{42109FEE-B0B9-4FCD-9E56-2863BF8C55D2} = {42109FEE-B0B9-4FCD-9E56-2863BF8C55D2}
	EndProjectSection
EndProject
Project("{8BC9CEB8-8B4A-11D0-8D11-00A0C91BC942}") = "DemonWare", "libs\DemonWare\DemonWare.vcxproj", "{FC26210C-EDFB-4BE2-ADEA-3B49A7D66BBC}"
EndProject
Project("{8BC9CEB8-8B4A-11D0-8D11-00A0C91BC942}") = "libtomcrypt", "libs\libtomcrypt-1.17\libtomcrypt.vcxproj", "{D0C031DF-C264-4318-BFE6-47CEAACC1658}"
EndProject
Project("{8BC9CEB8-8B4A-11D0-8D11-00A0C91BC942}") = "tommath", "libs\libtommath-1.2.0\libtommath_VS2008.vcxproj", "{42109FEE-B0B9-4FCD-9E56-2863BF8C55D2}"
EndProject
Global
	GlobalSection(SolutionConfigurationPlatforms) = preSolution
		Debug|x64 = Debug|x64
		Debug|x86 = Debug|x86
		Release|x64 = Release|x64
		Release|x86 = Release|x86
		t6mp-Debug|x64 = t6mp-Debug|x64
		t6mp-Debug|x86 = t6mp-Debug|x86
	EndGlobalSection
	GlobalSection(ProjectConfigurationPlatforms) = postSolution
		{732B9E9A-1F86-43C1-A8F3-F3FC3691B5F5}.Debug|x64.ActiveCfg = Debug|x64
		{732B9E9A-1F86-43C1-A8F3-F3FC3691B5F5}.Debug|x64.Build.0 = Debug|x64
		{732B9E9A-1F86-43C1-A8F3-F3FC3691B5F5}.Debug|x86.ActiveCfg = Debug|Win32
		{732B9E9A-1F86-43C1-A8F3-F3FC3691B5F5}.Debug|x86.Build.0 = Debug|Win32
		{732B9E9A-1F86-43C1-A8F3-F3FC3691B5F5}.Release|x64.ActiveCfg = Release|x64
		{732B9E9A-1F86-43C1-A8F3-F3FC3691B5F5}.Release|x64.Build.0 = Release|x64
		{732B9E9A-1F86-43C1-A8F3-F3FC3691B5F5}.Release|x86.ActiveCfg = Release|Win32
		{732B9E9A-1F86-43C1-A8F3-F3FC3691B5F5}.Release|x86.Build.0 = Release|Win32
		{732B9E9A-1F86-43C1-A8F3-F3FC3691B5F5}.t6mp-Debug|x64.ActiveCfg = t6mp-Debug|x64
		{732B9E9A-1F86-43C1-A8F3-F3FC3691B5F5}.t6mp-Debug|x64.Build.0 = t6mp-Debug|x64
		{732B9E9A-1F86-43C1-A8F3-F3FC3691B5F5}.t6mp-Debug|x86.ActiveCfg = t6mp-Debug|Win32
		{732B9E9A-1F86-43C1-A8F3-F3FC3691B5F5}.t6mp-Debug|x86.Build.0 = t6mp-Debug|Win32
		{FC26210C-EDFB-4BE2-ADEA-3B49A7D66BBC}.Debug|x64.ActiveCfg = Debug|x64
		{FC26210C-EDFB-4BE2-ADEA-3B49A7D66BBC}.Debug|x64.Build.0 = Debug|x64
		{FC26210C-EDFB-4BE2-ADEA-3B49A7D66BBC}.Debug|x86.ActiveCfg = Debug|Win32
		{FC26210C-EDFB-4BE2-ADEA-3B49A7D66BBC}.Debug|x86.Build.0 = Debug|Win32
		{FC26210C-EDFB-4BE2-ADEA-3B49A7D66BBC}.Release|x64.ActiveCfg = Release|x64
		{FC26210C-EDFB-4BE2-ADEA-3B49A7D66BBC}.Release|x64.Build.0 = Release|x64
		{FC26210C-EDFB-4BE2-ADEA-3B49A7D66BBC}.Release|x86.ActiveCfg = Release|Win32
		{FC26210C-EDFB-4BE2-ADEA-3B49A7D66BBC}.Release|x86.Build.0 = Release|Win32
		{FC26210C-EDFB-4BE2-ADEA-3B49A7D66BBC}.t6mp-Debug|x64.ActiveCfg = Debug|x64
		{FC26210C-EDFB-4BE2-ADEA-3B49A7D66BBC}.t6mp-Debug|x64.Build.0 = Debug|x64
		{FC26210C-EDFB-4BE2-ADEA-3B49A7D66BBC}.t6mp-Debug|x86.ActiveCfg = Debug|Win32
		{FC26210C-EDFB-4BE2-ADEA-3B49A7D66BBC}.t6mp-Debug|x86.Build.0 = Debug|Win32
		{D0C031DF-C264-4318-BFE6-47CEAACC1658}.Debug|x64.ActiveCfg = Debug|Win32
		{D0C031DF-C264-4318-BFE6-47CEAACC1658}.Debug|x86.ActiveCfg = Debug|Win32
		{D0C031DF-C264-4318-BFE6-47CEAACC1658}.Debug|x86.Build.0 = Debug|Win32
		{D0C031DF-C264-4318-BFE6-47CEAACC1658}.Release|x64.ActiveCfg = Release|Win32
		{D0C031DF-C264-4318-BFE6-47CEAACC1658}.Release|x86.ActiveCfg = Release|Win32
		{D0C031DF-C264-4318-BFE6-47CEAACC1658}.Release|x86.Build.0 = Release|Win32
		{D0C031DF-C264-4318-BFE6-47CEAACC1658}.t6mp-Debug|x64.ActiveCfg = Debug|Win32
		{D0C031DF-C264-4318-BFE6-47CEAACC1658}.t6mp-Debug|x64.Build.0 = Debug|Win32
		{D0C031DF-C264-4318-BFE6-47CEAACC1658}.t6mp-Debug|x86.ActiveCfg = Debug|Win32
		{D0C031DF-C264-4318-BFE6-47CEAACC1658}.t6mp-Debug|x86.Build.0 = Debug|Win32
		{42109FEE-B0B9-4FCD-9E56-2863BF8C55D2}.Debug|x64.ActiveCfg = Debug|x64
		{42109FEE-B0B9-4FCD-9E56-2863BF8C55D2}.Debug|x64.Build.0 = Debug|x64
		{42109FEE-B0B9-4FCD-9E56-2863BF8C55D2}.Debug|x86.ActiveCfg = Debug|Win32
		{42109FEE-B0B9-4FCD-9E56-2863BF8C55D2}.Debug|x86.Build.0 = Debug|Win32
		{42109FEE-B0B9-4FCD-9E56-2863BF8C55D2}.Release|x64.ActiveCfg = Release|x64
		{42109FEE-B0B9-4FCD-9E56-2863BF8C55D2}.Release|x64.Build.0 = Release|x64
		{42109FEE-B0B9-4FCD-9E56-2863BF8C55D2}.Release|x86.ActiveCfg = Release|Win32
		{42109FEE-B0B9-4FCD-9E56-2863BF8C55D2}.Release|x86.Build.0 = Release|Win32
		{42109FEE-B0B9-4FCD-9E56-2863BF8C55D2}.t6mp-Debug|x64.ActiveCfg = Debug|x64
		{42109FEE-B0B9-4FCD-9E56-2863BF8C55D2}.t6mp-Debug|x64.Build.0 = Debug|x64
		{42109FEE-B0B9-4FCD-9E56-2863BF8C55D2}.t6mp-Debug|x86.ActiveCfg = Debug|Win32
		{42109FEE-B0B9-4FCD-9E56-2863BF8C55D2}.t6mp-Debug|x86.Build.0 = Debug|Win32
	EndGlobalSection
	GlobalSection(SolutionProperties) = preSolution
		HideSolutionNode = FALSE
	EndGlobalSection
	GlobalSection(ExtensibilityGlobals) = postSolution
		SolutionGuid = {10C70F93-8FC0-45E7-A2FA-69DC24B381A7}
	EndGlobalSection
EndGlobal
