<?xml version="1.0" encoding="utf-8"?>
<Project ToolsVersion="4.0" xmlns="http://schemas.microsoft.com/developer/msbuild/2003">
  <ItemGroup>
    <Filter Include="Source Files">
      <UniqueIdentifier>{4FC737F1-C7A5-4376-A066-2A32D752A2FF}</UniqueIdentifier>
      <Extensions>cpp;c;cc;cxx;c++;cppm;ixx;def;odl;idl;hpj;bat;asm;asmx</Extensions>
    </Filter>
    <Filter Include="Header Files">
      <UniqueIdentifier>{93995380-89BD-4b04-88EB-625FBE52EBFB}</UniqueIdentifier>
      <Extensions>h;hh;hpp;hxx;h++;hm;inl;inc;ipp;xsd</Extensions>
    </Filter>
    <Filter Include="Resource Files">
      <UniqueIdentifier>{67DA6AB6-F800-4c08-8B7A-83BB121AAD01}</UniqueIdentifier>
      <Extensions>rc;ico;cur;bmp;dlg;rc2;rct;bin;rgs;gif;jpg;jpeg;jpe;resx;tiff;tif;png;wav;mfcribbon-ms</Extensions>
    </Filter>
  </ItemGroup>
  <ItemGroup>
    <ClInclude Include="code\tl\base\include\tl_system.h">
      <Filter>Header Files</Filter>
    </ClInclude>
    <ClInclude Include="code\tl\base\include\tl_thread.h">
      <Filter>Header Files</Filter>
    </ClInclude>
    <ClInclude Include="code\tl\base\include\tl_defs.h">
      <Filter>Header Files</Filter>
    </ClInclude>
    <ClInclude Include="code\tl\jobqueue\jobqueue.h">
      <Filter>Header Files</Filter>
    </ClInclude>
    <ClInclude Include="code\tl\jobqueue\jobqueue_atomic_heap.h">
      <Filter>Header Files</Filter>
    </ClInclude>
    <ClInclude Include="code\tl\defs.h">
      <Filter>Header Files</Filter>
    </ClInclude>
    <ClInclude Include="code\tl\physics\include\phys_util.h">
      <Filter>Header Files</Filter>
    </ClInclude>
    <ClInclude Include="code\tl\physics\include\rigid_body.h">
      <Filter>Header Files</Filter>
    </ClInclude>
    <ClInclude Include="code\tl\physics\include\constraint_solver\pulse_sum_normal.h">
      <Filter>Header Files</Filter>
    </ClInclude>
    <ClInclude Include="code\tl\physics\include\rigid_body_constraint.h">
      <Filter>Header Files</Filter>
    </ClInclude>
    <ClInclude Include="code\tl\physics\include\phys_avl_tree.h">
      <Filter>Header Files</Filter>
    </ClInclude>
    <ClInclude Include="code\tl\physics\include\collision\phys_collision.h">
      <Filter>Header Files</Filter>
    </ClInclude>
    <ClInclude Include="code\tl\physics\include\collision\phys_board_phase.h">
      <Filter>Header Files</Filter>
    </ClInclude>
    <ClInclude Include="code\tl\physics\include\collision\phys_board_phase_base.h">
      <Filter>Header Files</Filter>
    </ClInclude>
    <ClInclude Include="code\tl\physics\include\collision\phys_gjk.h">
      <Filter>Header Files</Filter>
    </ClInclude>
    <ClInclude Include="code\tl\physics\include\rbc_defs\rbc_def_contact.h">
      <Filter>Header Files</Filter>
    </ClInclude>
    <ClInclude Include="code\tl\physics\include\phys_transient_allocator.h">
      <Filter>Header Files</Filter>
    </ClInclude>
    <ClInclude Include="code\tl\physics\include\phys_mutex.h">
      <Filter>Header Files</Filter>
    </ClInclude>
    <ClInclude Include="code\tl\physics\include\phys_mem_new.h">
      <Filter>Header Files</Filter>
    </ClInclude>
  </ItemGroup>
  <ItemGroup>
    <ClCompile Include="code\tl\jobqueue\jobqueue.cpp">
      <Filter>Source Files</Filter>
    </ClCompile>
  </ItemGroup>
</Project>