
Microsoft Visual Studio Solution File, Format Version 12.00
# Visual Studio Version 16
VisualStudioVersion = 16.0.30330.147
MinimumVisualStudioVersion = 10.0.40219.1
Project("{8BC9CEB8-8B4A-11D0-8D11-00A0C91BC942}") = "t6", "t6.vcxproj", "{732B9E9A-1F86-43C1-A8F3-F3FC3691B5F5}"
	ProjectSection(ProjectDependencies) = postProject
		{42109FEE-B0B9-4FCD-9E56-2863BF8C55D2} = {42109FEE-B0B9-4FCD-9E56-2863BF8C55D2}
	EndProjectSection
EndProject
Project("{8BC9CEB8-8B4A-11D0-8D11-00A0C91BC942}") = "tommath", "libs\libtommath\libtommath_VS2008.vcxproj", "{42109FEE-B0B9-4FCD-9E56-2863BF8C55D2}"
EndProject
Project("{8BC9CEB8-8B4A-11D0-8D11-00A0C91BC942}") = "bdCore", "libs\bdCore\bdCore.vcxproj", "{F4B7FA67-C5E3-4B9A-BD39-3A2FC6062245}"
EndProject
Project("{8BC9CEB8-8B4A-11D0-8D11-00A0C91BC942}") = "bdNet", "libs\bdNet\bdNet.vcxproj", "{A4C48B68-5AB6-4BDA-B3E3-85D4C6A928B2}"
EndProject
Project("{8BC9CEB8-8B4A-11D0-8D11-00A0C91BC942}") = "bdLobby", "libs\bdLobby\bdLobby.vcxproj", "{D8AC8862-B4B8-4994-A503-F1DC1451F0A5}"
EndProject
Project("{8BC9CEB8-8B4A-11D0-8D11-00A0C91BC942}") = "bdConnection", "libs\bdConnection\bdConnection.vcxproj", "{E9DB5E62-4B37-4EC6-B9A4-91C6778A4F41}"
EndProject
Project("{8BC9CEB8-8B4A-11D0-8D11-00A0C91BC942}") = "bdSocket", "libs\bdSocket\bdSocket.vcxproj", "{9AECE425-539D-4239-916F-1266F7058479}"
EndProject
Project("{8BC9CEB8-8B4A-11D0-8D11-00A0C91BC942}") = "bdPlatform", "libs\bdPlatform\bdPlatform.vcxproj", "{5328A619-73F9-4C56-9408-33D0FD6421C7}"
EndProject
Project("{8BC9CEB8-8B4A-11D0-8D11-00A0C91BC942}") = "gfx_d3d", "libs\gfx_d3d\gfx_d3d.vcxproj", "{9543A4FC-B764-4629-B13A-59358A296406}"
EndProject
Global
	GlobalSection(SolutionConfigurationPlatforms) = preSolution
		Debug|x64 = Debug|x64
		Debug|x86 = Debug|x86
		Release|x64 = Release|x64
		Release|x86 = Release|x86
		t6mp-Debug|x64 = t6mp-Debug|x64
		t6mp-Debug|x86 = t6mp-Debug|x86
	EndGlobalSection
	GlobalSection(ProjectConfigurationPlatforms) = postSolution
		{732B9E9A-1F86-43C1-A8F3-F3FC3691B5F5}.Debug|x64.ActiveCfg = Debug|x64
		{732B9E9A-1F86-43C1-A8F3-F3FC3691B5F5}.Debug|x64.Build.0 = Debug|x64
		{732B9E9A-1F86-43C1-A8F3-F3FC3691B5F5}.Debug|x86.ActiveCfg = Debug|Win32
		{732B9E9A-1F86-43C1-A8F3-F3FC3691B5F5}.Debug|x86.Build.0 = Debug|Win32
		{732B9E9A-1F86-43C1-A8F3-F3FC3691B5F5}.Release|x64.ActiveCfg = Release|x64
		{732B9E9A-1F86-43C1-A8F3-F3FC3691B5F5}.Release|x64.Build.0 = Release|x64
		{732B9E9A-1F86-43C1-A8F3-F3FC3691B5F5}.Release|x86.ActiveCfg = Release|Win32
		{732B9E9A-1F86-43C1-A8F3-F3FC3691B5F5}.Release|x86.Build.0 = Release|Win32
		{732B9E9A-1F86-43C1-A8F3-F3FC3691B5F5}.t6mp-Debug|x64.ActiveCfg = t6mp-Debug|x64
		{732B9E9A-1F86-43C1-A8F3-F3FC3691B5F5}.t6mp-Debug|x64.Build.0 = t6mp-Debug|x64
		{732B9E9A-1F86-43C1-A8F3-F3FC3691B5F5}.t6mp-Debug|x86.ActiveCfg = t6mp-Debug|Win32
		{732B9E9A-1F86-43C1-A8F3-F3FC3691B5F5}.t6mp-Debug|x86.Build.0 = t6mp-Debug|Win32
		{42109FEE-B0B9-4FCD-9E56-2863BF8C55D2}.Debug|x64.ActiveCfg = Debug|x64
		{42109FEE-B0B9-4FCD-9E56-2863BF8C55D2}.Debug|x64.Build.0 = Debug|x64
		{42109FEE-B0B9-4FCD-9E56-2863BF8C55D2}.Debug|x86.ActiveCfg = Debug|Win32
		{42109FEE-B0B9-4FCD-9E56-2863BF8C55D2}.Debug|x86.Build.0 = Debug|Win32
		{42109FEE-B0B9-4FCD-9E56-2863BF8C55D2}.Release|x64.ActiveCfg = Release|x64
		{42109FEE-B0B9-4FCD-9E56-2863BF8C55D2}.Release|x64.Build.0 = Release|x64
		{42109FEE-B0B9-4FCD-9E56-2863BF8C55D2}.Release|x86.ActiveCfg = Release|Win32
		{42109FEE-B0B9-4FCD-9E56-2863BF8C55D2}.Release|x86.Build.0 = Release|Win32
		{42109FEE-B0B9-4FCD-9E56-2863BF8C55D2}.t6mp-Debug|x64.ActiveCfg = Debug|x64
		{42109FEE-B0B9-4FCD-9E56-2863BF8C55D2}.t6mp-Debug|x64.Build.0 = Debug|x64
		{42109FEE-B0B9-4FCD-9E56-2863BF8C55D2}.t6mp-Debug|x86.ActiveCfg = Debug|Win32
		{42109FEE-B0B9-4FCD-9E56-2863BF8C55D2}.t6mp-Debug|x86.Build.0 = Debug|Win32
		{F4B7FA67-C5E3-4B9A-BD39-3A2FC6062245}.Debug|x64.ActiveCfg = Debug|x64
		{F4B7FA67-C5E3-4B9A-BD39-3A2FC6062245}.Debug|x64.Build.0 = Debug|x64
		{F4B7FA67-C5E3-4B9A-BD39-3A2FC6062245}.Debug|x86.ActiveCfg = Debug|Win32
		{F4B7FA67-C5E3-4B9A-BD39-3A2FC6062245}.Debug|x86.Build.0 = Debug|Win32
		{F4B7FA67-C5E3-4B9A-BD39-3A2FC6062245}.Release|x64.ActiveCfg = Release|x64
		{F4B7FA67-C5E3-4B9A-BD39-3A2FC6062245}.Release|x64.Build.0 = Release|x64
		{F4B7FA67-C5E3-4B9A-BD39-3A2FC6062245}.Release|x86.ActiveCfg = Release|Win32
		{F4B7FA67-C5E3-4B9A-BD39-3A2FC6062245}.Release|x86.Build.0 = Release|Win32
		{F4B7FA67-C5E3-4B9A-BD39-3A2FC6062245}.t6mp-Debug|x64.ActiveCfg = Debug|x64
		{F4B7FA67-C5E3-4B9A-BD39-3A2FC6062245}.t6mp-Debug|x64.Build.0 = Debug|x64
		{F4B7FA67-C5E3-4B9A-BD39-3A2FC6062245}.t6mp-Debug|x86.ActiveCfg = Debug|Win32
		{F4B7FA67-C5E3-4B9A-BD39-3A2FC6062245}.t6mp-Debug|x86.Build.0 = Debug|Win32
		{A4C48B68-5AB6-4BDA-B3E3-85D4C6A928B2}.Debug|x64.ActiveCfg = Debug|x64
		{A4C48B68-5AB6-4BDA-B3E3-85D4C6A928B2}.Debug|x64.Build.0 = Debug|x64
		{A4C48B68-5AB6-4BDA-B3E3-85D4C6A928B2}.Debug|x86.ActiveCfg = Debug|Win32
		{A4C48B68-5AB6-4BDA-B3E3-85D4C6A928B2}.Debug|x86.Build.0 = Debug|Win32
		{A4C48B68-5AB6-4BDA-B3E3-85D4C6A928B2}.Release|x64.ActiveCfg = Release|x64
		{A4C48B68-5AB6-4BDA-B3E3-85D4C6A928B2}.Release|x64.Build.0 = Release|x64
		{A4C48B68-5AB6-4BDA-B3E3-85D4C6A928B2}.Release|x86.ActiveCfg = Release|Win32
		{A4C48B68-5AB6-4BDA-B3E3-85D4C6A928B2}.Release|x86.Build.0 = Release|Win32
		{A4C48B68-5AB6-4BDA-B3E3-85D4C6A928B2}.t6mp-Debug|x64.ActiveCfg = Debug|x64
		{A4C48B68-5AB6-4BDA-B3E3-85D4C6A928B2}.t6mp-Debug|x64.Build.0 = Debug|x64
		{A4C48B68-5AB6-4BDA-B3E3-85D4C6A928B2}.t6mp-Debug|x86.ActiveCfg = Debug|Win32
		{A4C48B68-5AB6-4BDA-B3E3-85D4C6A928B2}.t6mp-Debug|x86.Build.0 = Debug|Win32
		{D8AC8862-B4B8-4994-A503-F1DC1451F0A5}.Debug|x64.ActiveCfg = Debug|x64
		{D8AC8862-B4B8-4994-A503-F1DC1451F0A5}.Debug|x64.Build.0 = Debug|x64
		{D8AC8862-B4B8-4994-A503-F1DC1451F0A5}.Debug|x86.ActiveCfg = Debug|Win32
		{D8AC8862-B4B8-4994-A503-F1DC1451F0A5}.Debug|x86.Build.0 = Debug|Win32
		{D8AC8862-B4B8-4994-A503-F1DC1451F0A5}.Release|x64.ActiveCfg = Release|x64
		{D8AC8862-B4B8-4994-A503-F1DC1451F0A5}.Release|x64.Build.0 = Release|x64
		{D8AC8862-B4B8-4994-A503-F1DC1451F0A5}.Release|x86.ActiveCfg = Release|Win32
		{D8AC8862-B4B8-4994-A503-F1DC1451F0A5}.Release|x86.Build.0 = Release|Win32
		{D8AC8862-B4B8-4994-A503-F1DC1451F0A5}.t6mp-Debug|x64.ActiveCfg = Debug|x64
		{D8AC8862-B4B8-4994-A503-F1DC1451F0A5}.t6mp-Debug|x64.Build.0 = Debug|x64
		{D8AC8862-B4B8-4994-A503-F1DC1451F0A5}.t6mp-Debug|x86.ActiveCfg = Debug|Win32
		{D8AC8862-B4B8-4994-A503-F1DC1451F0A5}.t6mp-Debug|x86.Build.0 = Debug|Win32
		{E9DB5E62-4B37-4EC6-B9A4-91C6778A4F41}.Debug|x64.ActiveCfg = Debug|x64
		{E9DB5E62-4B37-4EC6-B9A4-91C6778A4F41}.Debug|x64.Build.0 = Debug|x64
		{E9DB5E62-4B37-4EC6-B9A4-91C6778A4F41}.Debug|x86.ActiveCfg = Debug|Win32
		{E9DB5E62-4B37-4EC6-B9A4-91C6778A4F41}.Debug|x86.Build.0 = Debug|Win32
		{E9DB5E62-4B37-4EC6-B9A4-91C6778A4F41}.Release|x64.ActiveCfg = Release|x64
		{E9DB5E62-4B37-4EC6-B9A4-91C6778A4F41}.Release|x64.Build.0 = Release|x64
		{E9DB5E62-4B37-4EC6-B9A4-91C6778A4F41}.Release|x86.ActiveCfg = Release|Win32
		{E9DB5E62-4B37-4EC6-B9A4-91C6778A4F41}.Release|x86.Build.0 = Release|Win32
		{E9DB5E62-4B37-4EC6-B9A4-91C6778A4F41}.t6mp-Debug|x64.ActiveCfg = Debug|x64
		{E9DB5E62-4B37-4EC6-B9A4-91C6778A4F41}.t6mp-Debug|x64.Build.0 = Debug|x64
		{E9DB5E62-4B37-4EC6-B9A4-91C6778A4F41}.t6mp-Debug|x86.ActiveCfg = Debug|Win32
		{E9DB5E62-4B37-4EC6-B9A4-91C6778A4F41}.t6mp-Debug|x86.Build.0 = Debug|Win32
		{9AECE425-539D-4239-916F-1266F7058479}.Debug|x64.ActiveCfg = Debug|x64
		{9AECE425-539D-4239-916F-1266F7058479}.Debug|x64.Build.0 = Debug|x64
		{9AECE425-539D-4239-916F-1266F7058479}.Debug|x86.ActiveCfg = Debug|Win32
		{9AECE425-539D-4239-916F-1266F7058479}.Debug|x86.Build.0 = Debug|Win32
		{9AECE425-539D-4239-916F-1266F7058479}.Release|x64.ActiveCfg = Release|x64
		{9AECE425-539D-4239-916F-1266F7058479}.Release|x64.Build.0 = Release|x64
		{9AECE425-539D-4239-916F-1266F7058479}.Release|x86.ActiveCfg = Release|Win32
		{9AECE425-539D-4239-916F-1266F7058479}.Release|x86.Build.0 = Release|Win32
		{9AECE425-539D-4239-916F-1266F7058479}.t6mp-Debug|x64.ActiveCfg = Debug|x64
		{9AECE425-539D-4239-916F-1266F7058479}.t6mp-Debug|x64.Build.0 = Debug|x64
		{9AECE425-539D-4239-916F-1266F7058479}.t6mp-Debug|x86.ActiveCfg = Debug|Win32
		{9AECE425-539D-4239-916F-1266F7058479}.t6mp-Debug|x86.Build.0 = Debug|Win32
		{5328A619-73F9-4C56-9408-33D0FD6421C7}.Debug|x64.ActiveCfg = Debug|x64
		{5328A619-73F9-4C56-9408-33D0FD6421C7}.Debug|x64.Build.0 = Debug|x64
		{5328A619-73F9-4C56-9408-33D0FD6421C7}.Debug|x86.ActiveCfg = Debug|Win32
		{5328A619-73F9-4C56-9408-33D0FD6421C7}.Debug|x86.Build.0 = Debug|Win32
		{5328A619-73F9-4C56-9408-33D0FD6421C7}.Release|x64.ActiveCfg = Release|x64
		{5328A619-73F9-4C56-9408-33D0FD6421C7}.Release|x64.Build.0 = Release|x64
		{5328A619-73F9-4C56-9408-33D0FD6421C7}.Release|x86.ActiveCfg = Release|Win32
		{5328A619-73F9-4C56-9408-33D0FD6421C7}.Release|x86.Build.0 = Release|Win32
		{5328A619-73F9-4C56-9408-33D0FD6421C7}.t6mp-Debug|x64.ActiveCfg = Debug|x64
		{5328A619-73F9-4C56-9408-33D0FD6421C7}.t6mp-Debug|x64.Build.0 = Debug|x64
		{5328A619-73F9-4C56-9408-33D0FD6421C7}.t6mp-Debug|x86.ActiveCfg = Debug|Win32
		{5328A619-73F9-4C56-9408-33D0FD6421C7}.t6mp-Debug|x86.Build.0 = Debug|Win32
		{9543A4FC-B764-4629-B13A-59358A296406}.Debug|x64.ActiveCfg = Debug|x64
		{9543A4FC-B764-4629-B13A-59358A296406}.Debug|x64.Build.0 = Debug|x64
		{9543A4FC-B764-4629-B13A-59358A296406}.Debug|x86.ActiveCfg = Debug|Win32
		{9543A4FC-B764-4629-B13A-59358A296406}.Debug|x86.Build.0 = Debug|Win32
		{9543A4FC-B764-4629-B13A-59358A296406}.Release|x64.ActiveCfg = Release|x64
		{9543A4FC-B764-4629-B13A-59358A296406}.Release|x64.Build.0 = Release|x64
		{9543A4FC-B764-4629-B13A-59358A296406}.Release|x86.ActiveCfg = Release|Win32
		{9543A4FC-B764-4629-B13A-59358A296406}.Release|x86.Build.0 = Release|Win32
		{9543A4FC-B764-4629-B13A-59358A296406}.t6mp-Debug|x64.ActiveCfg = Debug|x64
		{9543A4FC-B764-4629-B13A-59358A296406}.t6mp-Debug|x64.Build.0 = Debug|x64
		{9543A4FC-B764-4629-B13A-59358A296406}.t6mp-Debug|x86.ActiveCfg = Debug|Win32
		{9543A4FC-B764-4629-B13A-59358A296406}.t6mp-Debug|x86.Build.0 = Debug|Win32
	EndGlobalSection
	GlobalSection(SolutionProperties) = preSolution
		HideSolutionNode = FALSE
	EndGlobalSection
	GlobalSection(ExtensibilityGlobals) = postSolution
		SolutionGuid = {10C70F93-8FC0-45E7-A2FA-69DC24B381A7}
	EndGlobalSection
EndGlobal
