<?xml version="1.0" encoding="utf-8"?>
<Project ToolsVersion="4.0" xmlns="http://schemas.microsoft.com/developer/msbuild/2003">
  <ItemGroup>
    <Filter Include="Source Files">
      <UniqueIdentifier>{4FC737F1-C7A5-4376-A066-2A32D752A2FF}</UniqueIdentifier>
      <Extensions>cpp;c;cc;cxx;c++;cppm;ixx;def;odl;idl;hpj;bat;asm;asmx</Extensions>
    </Filter>
    <Filter Include="Header Files">
      <UniqueIdentifier>{93995380-89BD-4b04-88EB-625FBE52EBFB}</UniqueIdentifier>
      <Extensions>h;hh;hpp;hxx;h++;hm;inl;inc;ipp;xsd</Extensions>
    </Filter>
    <Filter Include="Resource Files">
      <UniqueIdentifier>{67DA6AB6-F800-4c08-8B7A-83BB121AAD01}</UniqueIdentifier>
      <Extensions>rc;ico;cur;bmp;dlg;rc2;rct;bin;rgs;gif;jpg;jpeg;jpe;resx;tiff;tif;png;wav;mfcribbon-ms</Extensions>
    </Filter>
  </ItemGroup>
  <ItemGroup>
    <ClCompile Include="source\win32\win_main.cpp">
      <Filter>Source Files</Filter>
    </ClCompile>
    <ClCompile Include="source\qcommon\common.cpp">
      <Filter>Source Files</Filter>
    </ClCompile>
    <ClCompile Include="source\qcommon\threads.cpp">
      <Filter>Source Files</Filter>
    </ClCompile>
    <ClCompile Include="source\universal\blackbox.cpp">
      <Filter>Source Files</Filter>
    </ClCompile>
    <ClCompile Include="source\universal\blackbox_data.cpp">
      <Filter>Source Files</Filter>
    </ClCompile>
    <ClCompile Include="source\win32\win_gamepad.cpp">
      <Filter>Source Files</Filter>
    </ClCompile>
    <ClCompile Include="source\universal\q_shared.cpp">
      <Filter>Source Files</Filter>
    </ClCompile>
    <ClCompile Include="source\universal\assertive.cpp">
      <Filter>Source Files</Filter>
    </ClCompile>
    <ClCompile Include="source\universal\win_common.cpp">
      <Filter>Source Files</Filter>
    </ClCompile>
    <ClCompile Include="source\client\con_channels.cpp">
      <Filter>Source Files</Filter>
    </ClCompile>
    <ClCompile Include="source\universal\dvar.cpp">
      <Filter>Source Files</Filter>
    </ClCompile>
    <ClCompile Include="source\cgame_mp\cg_main_mp.cpp">
      <Filter>Source Files</Filter>
    </ClCompile>
    <ClCompile Include="source\cgame\cg_main.cpp">
      <Filter>Source Files</Filter>
    </ClCompile>
    <ClCompile Include="source\game_mp\savememory_mp.cpp">
      <Filter>Source Files</Filter>
    </ClCompile>
    <ClCompile Include="source\universal\com_memory.cpp">
      <Filter>Source Files</Filter>
    </ClCompile>
    <ClCompile Include="source\devgui\devgui.cpp">
      <Filter>Source Files</Filter>
    </ClCompile>
    <ClCompile Include="source\xanim\xmodel.cpp">
      <Filter>Source Files</Filter>
    </ClCompile>
    <ClCompile Include="source\universal\com_tasks.cpp">
      <Filter>Source Files</Filter>
    </ClCompile>
    <ClCompile Include="source\win32\win_input.cpp">
      <Filter>Source Files</Filter>
    </ClCompile>
    <ClCompile Include="source\win32\win_localize.cpp">
      <Filter>Source Files</Filter>
    </ClCompile>
    <ClCompile Include="source\qcommon\cmd.cpp">
      <Filter>Source Files</Filter>
    </ClCompile>
    <ClCompile Include="source\ui\ui_codtv.cpp">
      <Filter>Source Files</Filter>
    </ClCompile>
    <ClCompile Include="source\ui\ui_emblem.cpp">
      <Filter>Source Files</Filter>
    </ClCompile>
    <ClCompile Include="source\ui\ui_feeders.cpp">
      <Filter>Source Files</Filter>
    </ClCompile>
    <ClCompile Include="source\ui\ui_keyboard.cpp">
      <Filter>Source Files</Filter>
    </ClCompile>
    <ClCompile Include="source\ui\ui_localvars.cpp">
      <Filter>Source Files</Filter>
    </ClCompile>
    <ClCompile Include="source\ui\ui_main.cpp">
      <Filter>Source Files</Filter>
    </ClCompile>
    <ClCompile Include="source\ui\ui_playlists.cpp">
      <Filter>Source Files</Filter>
    </ClCompile>
    <ClCompile Include="source\ui\ui_shared.cpp">
      <Filter>Source Files</Filter>
    </ClCompile>
    <ClCompile Include="source\ui\ui_shared_obj.cpp">
      <Filter>Source Files</Filter>
    </ClCompile>
    <ClCompile Include="source\ui\ui_utils.cpp">
      <Filter>Source Files</Filter>
    </ClCompile>
    <ClCompile Include="source\ui\ui_utils_api.cpp">
      <Filter>Source Files</Filter>
    </ClCompile>
    <ClCompile Include="source\ui\ui_voting.cpp">
      <Filter>Source Files</Filter>
    </ClCompile>
    <ClCompile Include="source\ui_mp\ui_feeders_mp.cpp">
      <Filter>Source Files</Filter>
    </ClCompile>
    <ClCompile Include="source\ui_mp\ui_gameinfo_mp.cpp">
      <Filter>Source Files</Filter>
    </ClCompile>
    <ClCompile Include="source\ui_mp\ui_main_mp.cpp">
      <Filter>Source Files</Filter>
    </ClCompile>
    <ClCompile Include="source\turret\turret_placement.cpp">
      <Filter>Source Files</Filter>
    </ClCompile>
    <ClCompile Include="source\tracers\tracer.cpp">
      <Filter>Source Files</Filter>
    </ClCompile>
    <ClCompile Include="source\tracers\tracer_load_obj.cpp">
      <Filter>Source Files</Filter>
    </ClCompile>
    <ClCompile Include="source\stringed\stringed_hooks.cpp">
      <Filter>Source Files</Filter>
    </ClCompile>
    <ClCompile Include="source\stringed\stringed_ingame.cpp">
      <Filter>Source Files</Filter>
    </ClCompile>
    <ClCompile Include="source\stringed\stringed_interface.cpp">
      <Filter>Source Files</Filter>
    </ClCompile>
    <ClCompile Include="source\sound\snd.cpp">
      <Filter>Source Files</Filter>
    </ClCompile>
    <ClCompile Include="source\sound\snd_alias_db.cpp">
      <Filter>Source Files</Filter>
    </ClCompile>
    <ClCompile Include="source\sound\snd_bank.cpp">
      <Filter>Source Files</Filter>
    </ClCompile>
    <ClCompile Include="source\sound\snd_debug.cpp">
      <Filter>Source Files</Filter>
    </ClCompile>
    <ClCompile Include="source\sound\snd_dvar.cpp">
      <Filter>Source Files</Filter>
    </ClCompile>
    <ClCompile Include="source\sound\snd_globals.cpp">
      <Filter>Source Files</Filter>
    </ClCompile>
    <ClCompile Include="source\sound\snd_local.cpp">
      <Filter>Source Files</Filter>
    </ClCompile>
    <ClCompile Include="source\sound\sd_api.cpp">
      <Filter>Source Files</Filter>
    </ClCompile>
    <ClCompile Include="source\sound\sd_decode.cpp">
      <Filter>Source Files</Filter>
    </ClCompile>
    <ClCompile Include="source\sound\sd_mixer.cpp">
      <Filter>Source Files</Filter>
    </ClCompile>
    <ClCompile Include="source\sound\sd_output_xa2.cpp">
      <Filter>Source Files</Filter>
    </ClCompile>
    <ClCompile Include="source\sound\sd_source.cpp">
      <Filter>Source Files</Filter>
    </ClCompile>
    <ClCompile Include="source\sound\sd_stream.cpp">
      <Filter>Source Files</Filter>
    </ClCompile>
    <ClCompile Include="source\sound\sd_voice.cpp">
      <Filter>Source Files</Filter>
    </ClCompile>
    <ClCompile Include="source\sound\snd_log.cpp">
      <Filter>Source Files</Filter>
    </ClCompile>
    <ClCompile Include="source\sound\snd_occlusion.cpp">
      <Filter>Source Files</Filter>
    </ClCompile>
    <ClCompile Include="source\sound\snd_public_async.cpp">
      <Filter>Source Files</Filter>
    </ClCompile>
    <ClCompile Include="source\sound\snd_utils.cpp">
      <Filter>Source Files</Filter>
    </ClCompile>
    <ClCompile Include="source\vcs\vcs.cpp">
      <Filter>Source Files</Filter>
    </ClCompile>
    <ClCompile Include="source\vcs\vcs_hooks.cpp">
      <Filter>Source Files</Filter>
    </ClCompile>
    <ClCompile Include="source\zlib\deflate.cpp">
      <Filter>Source Files</Filter>
    </ClCompile>
    <ClCompile Include="source\server\sv_client.cpp">
      <Filter>Source Files</Filter>
    </ClCompile>
    <ClCompile Include="source\server\sv_game.cpp">
      <Filter>Source Files</Filter>
    </ClCompile>
    <ClCompile Include="source\server\sv_main.cpp">
      <Filter>Source Files</Filter>
    </ClCompile>
    <ClCompile Include="source\server\sv_main_dw.cpp">
      <Filter>Source Files</Filter>
    </ClCompile>
    <ClCompile Include="source\server\sv_migration.cpp">
      <Filter>Source Files</Filter>
    </ClCompile>
    <ClCompile Include="source\server\sv_snapshot.cpp">
      <Filter>Source Files</Filter>
    </ClCompile>
    <ClCompile Include="source\server\sv_snapshot_stats.cpp">
      <Filter>Source Files</Filter>
    </ClCompile>
    <ClCompile Include="source\server\sv_world.cpp">
      <Filter>Source Files</Filter>
    </ClCompile>
    <ClCompile Include="source\server_mp\sv_archive_mp.cpp">
      <Filter>Source Files</Filter>
    </ClCompile>
    <ClCompile Include="source\server_mp\sv_ccmds_mp.cpp">
      <Filter>Source Files</Filter>
    </ClCompile>
    <ClCompile Include="source\server_mp\sv_client_mp.cpp">
      <Filter>Source Files</Filter>
    </ClCompile>
    <ClCompile Include="source\server_mp\sv_connection_log.cpp">
      <Filter>Source Files</Filter>
    </ClCompile>
    <ClCompile Include="source\server_mp\sv_init_mp.cpp">
      <Filter>Source Files</Filter>
    </ClCompile>
    <ClCompile Include="source\server_mp\sv_main_mp.cpp">
      <Filter>Source Files</Filter>
    </ClCompile>
    <ClCompile Include="source\server_mp\sv_main_pc_mp.cpp">
      <Filter>Source Files</Filter>
    </ClCompile>
    <ClCompile Include="source\server_mp\sv_snapshot_build_mp.cpp">
      <Filter>Source Files</Filter>
    </ClCompile>
    <ClCompile Include="source\server_mp\sv_snapshot_caching_mp.cpp">
      <Filter>Source Files</Filter>
    </ClCompile>
    <ClCompile Include="source\server_mp\sv_snapshot_mp.cpp">
      <Filter>Source Files</Filter>
    </ClCompile>
    <ClCompile Include="source\server_mp\sv_snapshot_profile_mp.cpp">
      <Filter>Source Files</Filter>
    </ClCompile>
    <ClCompile Include="source\riotshield\riotshield.cpp">
      <Filter>Source Files</Filter>
    </ClCompile>
    <ClCompile Include="source\riotshield\riotshield_server.cpp">
      <Filter>Source Files</Filter>
    </ClCompile>
    <ClCompile Include="source\ragdoll\ragdoll.cpp">
      <Filter>Source Files</Filter>
    </ClCompile>
    <ClCompile Include="source\ragdoll\ragdoll_cmds.cpp">
      <Filter>Source Files</Filter>
    </ClCompile>
    <ClCompile Include="source\ragdoll\ragdoll_controller.cpp">
      <Filter>Source Files</Filter>
    </ClCompile>
    <ClCompile Include="source\ragdoll\ragdoll_quat.cpp">
      <Filter>Source Files</Filter>
    </ClCompile>
    <ClCompile Include="source\ragdoll\ragdoll_update.cpp">
      <Filter>Source Files</Filter>
    </ClCompile>
    <ClCompile Include="source\physics\destructible.cpp">
      <Filter>Source Files</Filter>
    </ClCompile>
    <ClCompile Include="source\physics\destructibledef_load_obj.cpp">
      <Filter>Source Files</Filter>
    </ClCompile>
    <ClCompile Include="source\physics\phys_auto_rigid_body.cpp">
      <Filter>Source Files</Filter>
    </ClCompile>
    <ClCompile Include="source\physics\phys_colgeom.cpp">
      <Filter>Source Files</Filter>
    </ClCompile>
    <ClCompile Include="source\physics\phys_collision.cpp">
      <Filter>Source Files</Filter>
    </ClCompile>
    <ClCompile Include="source\physics\phys_effects.cpp">
      <Filter>Source Files</Filter>
    </ClCompile>
    <ClCompile Include="source\physics\phys_gjk_collision_detection.cpp">
      <Filter>Source Files</Filter>
    </ClCompile>
    <ClCompile Include="source\physics\phys_main.cpp">
      <Filter>Source Files</Filter>
    </ClCompile>
    <ClCompile Include="source\physics\phys_render.cpp">
      <Filter>Source Files</Filter>
    </ClCompile>
    <ClCompile Include="source\physics\physconstraints_load_obj.cpp">
      <Filter>Source Files</Filter>
    </ClCompile>
    <ClCompile Include="source\physics\physpreset_load_obj.cpp">
      <Filter>Source Files</Filter>
    </ClCompile>
    <ClCompile Include="source\ipak\ipak_game.cpp">
      <Filter>Source Files</Filter>
    </ClCompile>
    <ClCompile Include="source\ik\ik.cpp">
      <Filter>Source Files</Filter>
    </ClCompile>
    <ClCompile Include="source\ik\ik_layers.cpp">
      <Filter>Source Files</Filter>
    </ClCompile>
    <ClCompile Include="source\ik\ik_math.cpp">
      <Filter>Source Files</Filter>
    </ClCompile>
    <ClCompile Include="source\ik\ik_process.cpp">
      <Filter>Source Files</Filter>
    </ClCompile>
    <ClCompile Include="source\groupvoice\record.cpp">
      <Filter>Source Files</Filter>
    </ClCompile>
    <ClCompile Include="source\groupvoice\record_dsound.cpp">
      <Filter>Source Files</Filter>
    </ClCompile>
    <ClCompile Include="source\groupvoice\play_dsound.cpp">
      <Filter>Source Files</Filter>
    </ClCompile>
    <ClCompile Include="source\groupvoice\decode.cpp">
      <Filter>Source Files</Filter>
    </ClCompile>
    <ClCompile Include="source\glass\glass_allocator.cpp">
      <Filter>Source Files</Filter>
    </ClCompile>
    <ClCompile Include="source\glass\glass_client.cpp">
      <Filter>Source Files</Filter>
    </ClCompile>
    <ClCompile Include="source\glass\glass_renderer.cpp">
      <Filter>Source Files</Filter>
    </ClCompile>
    <ClCompile Include="source\glass\glass_server.cpp">
      <Filter>Source Files</Filter>
    </ClCompile>
    <ClCompile Include="source\glass\glass_shard.cpp">
      <Filter>Source Files</Filter>
    </ClCompile>
    <ClCompile Include="source\devgui\devgui_util.cpp">
      <Filter>Source Files</Filter>
    </ClCompile>
    <ClCompile Include="source\aim_assist\aim_assist.cpp">
      <Filter>Source Files</Filter>
    </ClCompile>
    <ClCompile Include="source\aim_assist\aim_target.cpp">
      <Filter>Source Files</Filter>
    </ClCompile>
    <ClCompile Include="source\DynEntity\DynEntity_client.cpp">
      <Filter>Source Files</Filter>
    </ClCompile>
    <ClCompile Include="source\DynEntity\DynEntity_coll.cpp">
      <Filter>Source Files</Filter>
    </ClCompile>
    <ClCompile Include="source\DynEntity\DynEntity_load_obj.cpp">
      <Filter>Source Files</Filter>
    </ClCompile>
    <ClCompile Include="source\DynEntity\DynEntity_pieces.cpp">
      <Filter>Source Files</Filter>
    </ClCompile>
    <ClCompile Include="source\DynEntity\DynEntity_server.cpp">
      <Filter>Source Files</Filter>
    </ClCompile>
    <ClCompile Include="source\database\db_assetnames.cpp">
      <Filter>Source Files</Filter>
    </ClCompile>
    <ClCompile Include="source\database\db_file_load.cpp">
      <Filter>Source Files</Filter>
    </ClCompile>
    <ClCompile Include="source\database\db_gump.cpp">
      <Filter>Source Files</Filter>
    </ClCompile>
    <ClCompile Include="source\database\db_memory.cpp">
      <Filter>Source Files</Filter>
    </ClCompile>
    <ClCompile Include="source\database\db_registry.cpp">
      <Filter>Source Files</Filter>
    </ClCompile>
    <ClCompile Include="source\database\db_stream.cpp">
      <Filter>Source Files</Filter>
    </ClCompile>
    <ClCompile Include="source\database\db_stream_load.cpp">
      <Filter>Source Files</Filter>
    </ClCompile>
    <ClCompile Include="source\gfx_d3d\r_material.cpp">
      <Filter>Source Files</Filter>
    </ClCompile>
    <ClCompile Include="source\gfx_d3d\r_shade.cpp">
      <Filter>Source Files</Filter>
    </ClCompile>
    <ClCompile Include="source\gfx_d3d\r_drawsurf.cpp">
      <Filter>Source Files</Filter>
    </ClCompile>
    <ClCompile Include="source\gfx_d3d\r_image.cpp">
      <Filter>Source Files</Filter>
    </ClCompile>
    <ClCompile Include="source\win32\miniDumper.cpp">
      <Filter>Source Files</Filter>
    </ClCompile>
    <ClCompile Include="source\win32\win_syscon.cpp">
      <Filter>Source Files</Filter>
    </ClCompile>
    <ClCompile Include="source\win32\win_net.cpp">
      <Filter>Source Files</Filter>
    </ClCompile>
    <ClCompile Include="source\universal\physicalmemory.cpp">
      <Filter>Source Files</Filter>
    </ClCompile>
    <ClCompile Include="source\gfx_d3d\r_dvars.cpp">
      <Filter>Source Files</Filter>
    </ClCompile>
    <ClCompile Include="source\client\cl_input.cpp">
      <Filter>Source Files</Filter>
    </ClCompile>
    <ClCompile Include="source\devgui\devgui_input.cpp">
      <Filter>Source Files</Filter>
    </ClCompile>
    <ClCompile Include="source\universal\q_parse.cpp">
      <Filter>Source Files</Filter>
    </ClCompile>
    <ClCompile Include="source\demo\demo_common.cpp">
      <Filter>Source Files</Filter>
    </ClCompile>
    <ClCompile Include="source\demo\demo_ui.cpp">
      <Filter>Source Files</Filter>
    </ClCompile>
    <ClCompile Include="source\qcommon\com_clients.cpp">
      <Filter>Source Files</Filter>
    </ClCompile>
    <ClCompile Include="source\win32\win_shared.cpp">
      <Filter>Source Files</Filter>
    </ClCompile>
    <ClCompile Include="source\cgame\cg_camera.cpp">
      <Filter>Source Files</Filter>
    </ClCompile>
    <ClCompile Include="source\client\cl_keys.cpp">
      <Filter>Source Files</Filter>
    </ClCompile>
    <ClCompile Include="source\bgame\bg_faction.cpp">
      <Filter>Source Files</Filter>
    </ClCompile>
    <ClCompile Include="source\client\cl_main.cpp">
      <Filter>Source Files</Filter>
    </ClCompile>
    <ClCompile Include="source\xanim\dobj.cpp">
      <Filter>Source Files</Filter>
    </ClCompile>
    <ClCompile Include="source\xanim\dobj_skel.cpp">
      <Filter>Source Files</Filter>
    </ClCompile>
    <ClCompile Include="source\xanim\dobj_utils.cpp">
      <Filter>Source Files</Filter>
    </ClCompile>
    <ClCompile Include="source\gfx_d3d\r_xsurface.cpp">
      <Filter>Source Files</Filter>
    </ClCompile>
    <ClCompile Include="source\database\db_load.cpp">
      <Filter>Source Files</Filter>
    </ClCompile>
    <ClCompile Include="source\cgame\cg_hudelem.cpp">
      <Filter>Source Files</Filter>
    </ClCompile>
    <ClCompile Include="source\cgame\cg_vehicle.cpp">
      <Filter>Source Files</Filter>
    </ClCompile>
    <ClCompile Include="source\game\g_weapon.cpp">
      <Filter>Source Files</Filter>
    </ClCompile>
    <ClCompile Include="source\cgame\cg_visionsets.cpp">
      <Filter>Source Files</Filter>
    </ClCompile>
    <ClCompile Include="source\win32\win_configure.cpp">
      <Filter>Source Files</Filter>
    </ClCompile>
    <ClCompile Include="source\win32\timing.cpp">
      <Filter>Source Files</Filter>
    </ClCompile>
    <ClCompile Include="source\xanim\xanim.cpp">
      <Filter>Source Files</Filter>
    </ClCompile>
    <ClCompile Include="source\gfx_d3d\r_gpu_timer.cpp">
      <Filter>Source Files</Filter>
    </ClCompile>
    <ClCompile Include="source\universal\com_math.cpp">
      <Filter>Source Files</Filter>
    </ClCompile>
    <ClCompile Include="source\universal\com_math_anglevectors.cpp">
      <Filter>Source Files</Filter>
    </ClCompile>
    <ClCompile Include="source\gfx_d3d\r_font.cpp">
      <Filter>Source Files</Filter>
    </ClCompile>
  </ItemGroup>
  <ItemGroup>
    <ClInclude Include="source\win32\win_main.h">
      <Filter>Header Files</Filter>
    </ClInclude>
    <ClInclude Include="source\qcommon\common.h">
      <Filter>Header Files</Filter>
    </ClInclude>
    <ClInclude Include="source\qcommon\threads.h">
      <Filter>Header Files</Filter>
    </ClInclude>
    <ClInclude Include="source\universal\blackbox.h">
      <Filter>Header Files</Filter>
    </ClInclude>
    <ClInclude Include="source\universal\blackbox_data.h">
      <Filter>Header Files</Filter>
    </ClInclude>
    <ClInclude Include="source\win32\win_gamepad.h">
      <Filter>Header Files</Filter>
    </ClInclude>
    <ClInclude Include="source\defs.h">
      <Filter>Header Files</Filter>
    </ClInclude>
    <ClInclude Include="source\universal\q_shared.h">
      <Filter>Header Files</Filter>
    </ClInclude>
    <ClInclude Include="source\universal\assertive.h">
      <Filter>Header Files</Filter>
    </ClInclude>
    <ClInclude Include="source\universal\win_common.h">
      <Filter>Header Files</Filter>
    </ClInclude>
    <ClInclude Include="source\client\con_channels.h">
      <Filter>Header Files</Filter>
    </ClInclude>
    <ClInclude Include="source\universal\dvar.h">
      <Filter>Header Files</Filter>
    </ClInclude>
    <ClInclude Include="source\cgame_mp\cg_main_mp.h">
      <Filter>Header Files</Filter>
    </ClInclude>
    <ClInclude Include="source\cgame\cg_main.h">
      <Filter>Header Files</Filter>
    </ClInclude>
    <ClInclude Include="source\game_mp\savememory_mp.h">
      <Filter>Header Files</Filter>
    </ClInclude>
    <ClInclude Include="source\universal\com_memory.h">
      <Filter>Header Files</Filter>
    </ClInclude>
    <ClInclude Include="source\devgui\devgui.h">
      <Filter>Header Files</Filter>
    </ClInclude>
    <ClInclude Include="source\xanim\xmodel.h">
      <Filter>Header Files</Filter>
    </ClInclude>
    <ClInclude Include="source\universal\com_tasks.h">
      <Filter>Header Files</Filter>
    </ClInclude>
    <ClInclude Include="source\win32\win_input.h">
      <Filter>Header Files</Filter>
    </ClInclude>
    <ClInclude Include="source\win32\win_localize.h">
      <Filter>Header Files</Filter>
    </ClInclude>
    <ClInclude Include="source\qcommon\cmd.h">
      <Filter>Header Files</Filter>
    </ClInclude>
    <ClInclude Include="source\ui\ui_codtv.h">
      <Filter>Header Files</Filter>
    </ClInclude>
    <ClInclude Include="source\ui\ui_emblem.h">
      <Filter>Header Files</Filter>
    </ClInclude>
    <ClInclude Include="source\ui\ui_feeders.h">
      <Filter>Header Files</Filter>
    </ClInclude>
    <ClInclude Include="source\ui\ui_voting.h">
      <Filter>Header Files</Filter>
    </ClInclude>
    <ClInclude Include="source\ui\ui_keyboard.h">
      <Filter>Header Files</Filter>
    </ClInclude>
    <ClInclude Include="source\ui\ui_localvars.h">
      <Filter>Header Files</Filter>
    </ClInclude>
    <ClInclude Include="source\ui\ui_main.h">
      <Filter>Header Files</Filter>
    </ClInclude>
    <ClInclude Include="source\ui\ui_playlists.h">
      <Filter>Header Files</Filter>
    </ClInclude>
    <ClInclude Include="source\ui\ui_shared.h">
      <Filter>Header Files</Filter>
    </ClInclude>
    <ClInclude Include="source\ui\ui_shared_obj.h">
      <Filter>Header Files</Filter>
    </ClInclude>
    <ClInclude Include="source\ui\ui_utils.h">
      <Filter>Header Files</Filter>
    </ClInclude>
    <ClInclude Include="source\ui\ui_utils_api.h">
      <Filter>Header Files</Filter>
    </ClInclude>
    <ClInclude Include="source\ui_mp\ui_main_mp.h">
      <Filter>Header Files</Filter>
    </ClInclude>
    <ClInclude Include="source\ui_mp\ui_feeders_mp.h">
      <Filter>Header Files</Filter>
    </ClInclude>
    <ClInclude Include="source\ui_mp\ui_gameinfo_mp.h">
      <Filter>Header Files</Filter>
    </ClInclude>
    <ClInclude Include="source\turret\turret_placement.h">
      <Filter>Header Files</Filter>
    </ClInclude>
    <ClInclude Include="source\tracers\tracer_load_obj.h">
      <Filter>Header Files</Filter>
    </ClInclude>
    <ClInclude Include="source\tracers\tracer.h">
      <Filter>Header Files</Filter>
    </ClInclude>
    <ClInclude Include="source\stringed\stringed_interface.h">
      <Filter>Header Files</Filter>
    </ClInclude>
    <ClInclude Include="source\stringed\stringed_hooks.h">
      <Filter>Header Files</Filter>
    </ClInclude>
    <ClInclude Include="source\stringed\stringed_ingame.h">
      <Filter>Header Files</Filter>
    </ClInclude>
    <ClInclude Include="source\sound\snd.h">
      <Filter>Header Files</Filter>
    </ClInclude>
    <ClInclude Include="source\sound\snd_alias_db.h">
      <Filter>Header Files</Filter>
    </ClInclude>
    <ClInclude Include="source\sound\snd_bank.h">
      <Filter>Header Files</Filter>
    </ClInclude>
    <ClInclude Include="source\sound\snd_debug.h">
      <Filter>Header Files</Filter>
    </ClInclude>
    <ClInclude Include="source\sound\snd_dvar.h">
      <Filter>Header Files</Filter>
    </ClInclude>
    <ClInclude Include="source\sound\snd_globals.h">
      <Filter>Header Files</Filter>
    </ClInclude>
    <ClInclude Include="source\sound\snd_local.h">
      <Filter>Header Files</Filter>
    </ClInclude>
    <ClInclude Include="source\sound\snd_utils.h">
      <Filter>Header Files</Filter>
    </ClInclude>
    <ClInclude Include="source\sound\sd_api.h">
      <Filter>Header Files</Filter>
    </ClInclude>
    <ClInclude Include="source\sound\sd_decode.h">
      <Filter>Header Files</Filter>
    </ClInclude>
    <ClInclude Include="source\sound\sd_mixer.h">
      <Filter>Header Files</Filter>
    </ClInclude>
    <ClInclude Include="source\sound\sd_output_xa2.h">
      <Filter>Header Files</Filter>
    </ClInclude>
    <ClInclude Include="source\sound\sd_source.h">
      <Filter>Header Files</Filter>
    </ClInclude>
    <ClInclude Include="source\sound\sd_stream.h">
      <Filter>Header Files</Filter>
    </ClInclude>
    <ClInclude Include="source\sound\sd_voice.h">
      <Filter>Header Files</Filter>
    </ClInclude>
    <ClInclude Include="source\sound\snd_log.h">
      <Filter>Header Files</Filter>
    </ClInclude>
    <ClInclude Include="source\sound\snd_occlusion.h">
      <Filter>Header Files</Filter>
    </ClInclude>
    <ClInclude Include="source\sound\snd_public_async.h">
      <Filter>Header Files</Filter>
    </ClInclude>
    <ClInclude Include="source\vcs\vcs_hooks.h">
      <Filter>Header Files</Filter>
    </ClInclude>
    <ClInclude Include="source\vcs\vcs.h">
      <Filter>Header Files</Filter>
    </ClInclude>
    <ClInclude Include="source\zlib\deflate.h">
      <Filter>Header Files</Filter>
    </ClInclude>
    <ClInclude Include="source\server\sv_world.h">
      <Filter>Header Files</Filter>
    </ClInclude>
    <ClInclude Include="source\server\sv_client.h">
      <Filter>Header Files</Filter>
    </ClInclude>
    <ClInclude Include="source\server\sv_game.h">
      <Filter>Header Files</Filter>
    </ClInclude>
    <ClInclude Include="source\server\sv_main.h">
      <Filter>Header Files</Filter>
    </ClInclude>
    <ClInclude Include="source\server\sv_main_dw.h">
      <Filter>Header Files</Filter>
    </ClInclude>
    <ClInclude Include="source\server\sv_migration.h">
      <Filter>Header Files</Filter>
    </ClInclude>
    <ClInclude Include="source\server\sv_snapshot.h">
      <Filter>Header Files</Filter>
    </ClInclude>
    <ClInclude Include="source\server\sv_snapshot_stats.h">
      <Filter>Header Files</Filter>
    </ClInclude>
    <ClInclude Include="source\server_mp\sv_snapshot_profile_mp.h">
      <Filter>Header Files</Filter>
    </ClInclude>
    <ClInclude Include="source\server_mp\sv_archive_mp.h">
      <Filter>Header Files</Filter>
    </ClInclude>
    <ClInclude Include="source\server_mp\sv_ccmds_mp.h">
      <Filter>Header Files</Filter>
    </ClInclude>
    <ClInclude Include="source\server_mp\sv_client_mp.h">
      <Filter>Header Files</Filter>
    </ClInclude>
    <ClInclude Include="source\server_mp\sv_connection_log.h">
      <Filter>Header Files</Filter>
    </ClInclude>
    <ClInclude Include="source\server_mp\sv_init_mp.h">
      <Filter>Header Files</Filter>
    </ClInclude>
    <ClInclude Include="source\server_mp\sv_main_mp.h">
      <Filter>Header Files</Filter>
    </ClInclude>
    <ClInclude Include="source\server_mp\sv_main_pc_mp.h">
      <Filter>Header Files</Filter>
    </ClInclude>
    <ClInclude Include="source\server_mp\sv_snapshot_build_mp.h">
      <Filter>Header Files</Filter>
    </ClInclude>
    <ClInclude Include="source\server_mp\sv_snapshot_caching_mp.h">
      <Filter>Header Files</Filter>
    </ClInclude>
    <ClInclude Include="source\server_mp\sv_snapshot_mp.h">
      <Filter>Header Files</Filter>
    </ClInclude>
    <ClInclude Include="source\riotshield\riotshield_server.h">
      <Filter>Header Files</Filter>
    </ClInclude>
    <ClInclude Include="source\riotshield\riotshield.h">
      <Filter>Header Files</Filter>
    </ClInclude>
    <ClInclude Include="source\ragdoll\ragdoll.h">
      <Filter>Header Files</Filter>
    </ClInclude>
    <ClInclude Include="source\ragdoll\ragdoll_cmds.h">
      <Filter>Header Files</Filter>
    </ClInclude>
    <ClInclude Include="source\ragdoll\ragdoll_controller.h">
      <Filter>Header Files</Filter>
    </ClInclude>
    <ClInclude Include="source\ragdoll\ragdoll_quat.h">
      <Filter>Header Files</Filter>
    </ClInclude>
    <ClInclude Include="source\ragdoll\ragdoll_update.h">
      <Filter>Header Files</Filter>
    </ClInclude>
    <ClInclude Include="source\physics\physpreset_load_obj.h">
      <Filter>Header Files</Filter>
    </ClInclude>
    <ClInclude Include="source\physics\destructible.h">
      <Filter>Header Files</Filter>
    </ClInclude>
    <ClInclude Include="source\physics\destructibledef_load_obj.h">
      <Filter>Header Files</Filter>
    </ClInclude>
    <ClInclude Include="source\physics\phys_auto_rigid_body.h">
      <Filter>Header Files</Filter>
    </ClInclude>
    <ClInclude Include="source\physics\phys_colgeom.h">
      <Filter>Header Files</Filter>
    </ClInclude>
    <ClInclude Include="source\physics\phys_collision.h">
      <Filter>Header Files</Filter>
    </ClInclude>
    <ClInclude Include="source\physics\phys_effects.h">
      <Filter>Header Files</Filter>
    </ClInclude>
    <ClInclude Include="source\physics\phys_gjk_collision_detection.h">
      <Filter>Header Files</Filter>
    </ClInclude>
    <ClInclude Include="source\physics\phys_main.h">
      <Filter>Header Files</Filter>
    </ClInclude>
    <ClInclude Include="source\physics\phys_render.h">
      <Filter>Header Files</Filter>
    </ClInclude>
    <ClInclude Include="source\physics\physconstraints_load_obj.h">
      <Filter>Header Files</Filter>
    </ClInclude>
    <ClInclude Include="source\ipak\ipak_game.h">
      <Filter>Header Files</Filter>
    </ClInclude>
    <ClInclude Include="source\ik\ik_layers.h">
      <Filter>Header Files</Filter>
    </ClInclude>
    <ClInclude Include="source\ik\ik.h">
      <Filter>Header Files</Filter>
    </ClInclude>
    <ClInclude Include="source\ik\ik_import.h">
      <Filter>Header Files</Filter>
    </ClInclude>
    <ClInclude Include="source\ik\ik_process.h">
      <Filter>Header Files</Filter>
    </ClInclude>
    <ClInclude Include="source\ik\ik_math.h">
      <Filter>Header Files</Filter>
    </ClInclude>
    <ClInclude Include="source\groupvoice\record_dsound.h">
      <Filter>Header Files</Filter>
    </ClInclude>
    <ClInclude Include="source\groupvoice\record.h">
      <Filter>Header Files</Filter>
    </ClInclude>
    <ClInclude Include="source\groupvoice\play_dsound.h">
      <Filter>Header Files</Filter>
    </ClInclude>
    <ClInclude Include="source\groupvoice\decode.h">
      <Filter>Header Files</Filter>
    </ClInclude>
    <ClInclude Include="source\glass\glass_shard.h">
      <Filter>Header Files</Filter>
    </ClInclude>
    <ClInclude Include="source\glass\glass_allocator.h">
      <Filter>Header Files</Filter>
    </ClInclude>
    <ClInclude Include="source\glass\glass_client.h">
      <Filter>Header Files</Filter>
    </ClInclude>
    <ClInclude Include="source\glass\glass_renderer.h">
      <Filter>Header Files</Filter>
    </ClInclude>
    <ClInclude Include="source\glass\glass_server.h">
      <Filter>Header Files</Filter>
    </ClInclude>
    <ClInclude Include="source\devgui\devgui_util.h">
      <Filter>Header Files</Filter>
    </ClInclude>
    <ClInclude Include="source\aim_assist\aim_target.h">
      <Filter>Header Files</Filter>
    </ClInclude>
    <ClInclude Include="source\aim_assist\aim_assist.h">
      <Filter>Header Files</Filter>
    </ClInclude>
    <ClInclude Include="source\DynEntity\DynEntity_client.h">
      <Filter>Header Files</Filter>
    </ClInclude>
    <ClInclude Include="source\DynEntity\DynEntity_server.h">
      <Filter>Header Files</Filter>
    </ClInclude>
    <ClInclude Include="source\DynEntity\DynEntity_coll.h">
      <Filter>Header Files</Filter>
    </ClInclude>
    <ClInclude Include="source\DynEntity\DynEntity_load_obj.h">
      <Filter>Header Files</Filter>
    </ClInclude>
    <ClInclude Include="source\DynEntity\DynEntity_pieces.h">
      <Filter>Header Files</Filter>
    </ClInclude>
    <ClInclude Include="source\database\db_stream_load.h">
      <Filter>Header Files</Filter>
    </ClInclude>
    <ClInclude Include="source\database\db_assetnames.h">
      <Filter>Header Files</Filter>
    </ClInclude>
    <ClInclude Include="source\database\db_file_load.h">
      <Filter>Header Files</Filter>
    </ClInclude>
    <ClInclude Include="source\database\db_gump.h">
      <Filter>Header Files</Filter>
    </ClInclude>
    <ClInclude Include="source\database\db_memory.h">
      <Filter>Header Files</Filter>
    </ClInclude>
    <ClInclude Include="source\database\db_registry.h">
      <Filter>Header Files</Filter>
    </ClInclude>
    <ClInclude Include="source\database\db_stream.h">
      <Filter>Header Files</Filter>
    </ClInclude>
    <ClInclude Include="source\gfx_d3d\r_utils.h">
      <Filter>Header Files</Filter>
    </ClInclude>
    <ClInclude Include="source\gfx_d3d\r_material.h">
      <Filter>Header Files</Filter>
    </ClInclude>
    <ClInclude Include="source\gfx_d3d\r_shade.h">
      <Filter>Header Files</Filter>
    </ClInclude>
    <ClInclude Include="source\gfx_d3d\r_drawsurf.h">
      <Filter>Header Files</Filter>
    </ClInclude>
    <ClInclude Include="source\gfx_d3d\r_image.h">
      <Filter>Header Files</Filter>
    </ClInclude>
    <ClInclude Include="source\win32\miniDumper.h">
      <Filter>Header Files</Filter>
    </ClInclude>
    <ClInclude Include="source\win32\win_syscon.h">
      <Filter>Header Files</Filter>
    </ClInclude>
    <ClInclude Include="source\win32\win_net.h">
      <Filter>Header Files</Filter>
    </ClInclude>
    <ClInclude Include="source\universal\physicalmemory.h">
      <Filter>Header Files</Filter>
    </ClInclude>
    <ClInclude Include="source\win32\win_wndproc.h">
      <Filter>Header Files</Filter>
    </ClInclude>
    <ClInclude Include="source\gfx_d3d\r_dvars.h">
      <Filter>Header Files</Filter>
    </ClInclude>
    <ClInclude Include="source\client\cl_input.h">
      <Filter>Header Files</Filter>
    </ClInclude>
    <ClInclude Include="source\devgui\devgui_input.h">
      <Filter>Header Files</Filter>
    </ClInclude>
    <ClInclude Include="source\universal\q_parse.h">
      <Filter>Header Files</Filter>
    </ClInclude>
    <ClInclude Include="source\demo\demo_common.h">
      <Filter>Header Files</Filter>
    </ClInclude>
    <ClInclude Include="source\demo\demo_ui.h">
      <Filter>Header Files</Filter>
    </ClInclude>
    <ClInclude Include="source\qcommon\com_clients.h">
      <Filter>Header Files</Filter>
    </ClInclude>
    <ClInclude Include="source\win32\win_shared.h">
      <Filter>Header Files</Filter>
    </ClInclude>
    <ClInclude Include="source\cgame\cg_camera.h">
      <Filter>Header Files</Filter>
    </ClInclude>
    <ClInclude Include="source\client\cl_keys.h">
      <Filter>Header Files</Filter>
    </ClInclude>
    <ClInclude Include="source\bgame\bg_faction.h">
      <Filter>Header Files</Filter>
    </ClInclude>
    <ClInclude Include="source\client\cl_main.h">
      <Filter>Header Files</Filter>
    </ClInclude>
    <ClInclude Include="source\xanim\dobj_utils.h">
      <Filter>Header Files</Filter>
    </ClInclude>
    <ClInclude Include="source\xanim\dobj.h">
      <Filter>Header Files</Filter>
    </ClInclude>
    <ClInclude Include="source\xanim\dobj_skel.h">
      <Filter>Header Files</Filter>
    </ClInclude>
    <ClInclude Include="source\gfx_d3d\r_xsurface.h">
      <Filter>Header Files</Filter>
    </ClInclude>
    <ClInclude Include="source\database\db_load.h">
      <Filter>Header Files</Filter>
    </ClInclude>
    <ClInclude Include="source\cgame\cg_hudelem.h">
      <Filter>Header Files</Filter>
    </ClInclude>
    <ClInclude Include="source\cgame\cg_vehicle.h">
      <Filter>Header Files</Filter>
    </ClInclude>
    <ClInclude Include="source\game\g_weapon.h">
      <Filter>Header Files</Filter>
    </ClInclude>
    <ClInclude Include="source\cgame\cg_visionsets.h">
      <Filter>Header Files</Filter>
    </ClInclude>
    <ClInclude Include="source\win32\win_configure.h">
      <Filter>Header Files</Filter>
    </ClInclude>
    <ClInclude Include="source\win32\timing.h">
      <Filter>Header Files</Filter>
    </ClInclude>
    <ClInclude Include="source\xanim\xanim.h">
      <Filter>Header Files</Filter>
    </ClInclude>
    <ClInclude Include="source\gfx_d3d\r_gpu_timer.h">
      <Filter>Header Files</Filter>
    </ClInclude>
    <ClInclude Include="source\universal\com_math.h">
      <Filter>Header Files</Filter>
    </ClInclude>
    <ClInclude Include="source\universal\com_math_anglevectors.h">
      <Filter>Header Files</Filter>
    </ClInclude>
    <ClInclude Include="source\universal\com_vector.h">
      <Filter>Header Files</Filter>
    </ClInclude>
    <ClInclude Include="source\gfx_d3d\r_font.h">
      <Filter>Header Files</Filter>
    </ClInclude>
  </ItemGroup>
  <ItemGroup>
    <None Include="LICENSE" />
    <None Include="README.md" />
  </ItemGroup>
</Project>