<?xml version="1.0" encoding="utf-8"?>
<Project ToolsVersion="4.0" xmlns="http://schemas.microsoft.com/developer/msbuild/2003">
  <ItemGroup>
    <Filter Include="Source Files">
      <UniqueIdentifier>{4FC737F1-C7A5-4376-A066-2A32D752A2FF}</UniqueIdentifier>
      <Extensions>cpp;c;cc;cxx;c++;cppm;ixx;def;odl;idl;hpj;bat;asm;asmx</Extensions>
    </Filter>
    <Filter Include="Header Files">
      <UniqueIdentifier>{93995380-89BD-4b04-88EB-625FBE52EBFB}</UniqueIdentifier>
      <Extensions>h;hh;hpp;hxx;h++;hm;inl;inc;ipp;xsd</Extensions>
    </Filter>
    <Filter Include="Resource Files">
      <UniqueIdentifier>{67DA6AB6-F800-4c08-8B7A-83BB121AAD01}</UniqueIdentifier>
      <Extensions>rc;ico;cur;bmp;dlg;rc2;rct;bin;rgs;gif;jpg;jpeg;jpe;resx;tiff;tif;png;wav;mfcribbon-ms</Extensions>
    </Filter>
  </ItemGroup>
  <ItemGroup>
    <ClCompile Include="source\win32\win_main.cpp">
      <Filter>Source Files</Filter>
    </ClCompile>
    <ClCompile Include="source\qcommon\common.cpp">
      <Filter>Source Files</Filter>
    </ClCompile>
    <ClCompile Include="source\qcommon\threads.cpp">
      <Filter>Source Files</Filter>
    </ClCompile>
    <ClCompile Include="source\universal\blackbox.cpp">
      <Filter>Source Files</Filter>
    </ClCompile>
    <ClCompile Include="source\universal\blackbox_data.cpp">
      <Filter>Source Files</Filter>
    </ClCompile>
    <ClCompile Include="source\win32\win_gamepad.cpp">
      <Filter>Source Files</Filter>
    </ClCompile>
    <ClCompile Include="source\universal\q_shared.cpp">
      <Filter>Source Files</Filter>
    </ClCompile>
    <ClCompile Include="source\universal\assertive.cpp">
      <Filter>Source Files</Filter>
    </ClCompile>
    <ClCompile Include="source\universal\win_common.cpp">
      <Filter>Source Files</Filter>
    </ClCompile>
    <ClCompile Include="source\client\con_channels.cpp">
      <Filter>Source Files</Filter>
    </ClCompile>
    <ClCompile Include="source\universal\dvar.cpp">
      <Filter>Source Files</Filter>
    </ClCompile>
    <ClCompile Include="source\cgame_mp\cg_main_mp.cpp">
      <Filter>Source Files</Filter>
    </ClCompile>
    <ClCompile Include="source\cgame\cg_main.cpp">
      <Filter>Source Files</Filter>
    </ClCompile>
    <ClCompile Include="source\game_mp\savememory_mp.cpp">
      <Filter>Source Files</Filter>
    </ClCompile>
    <ClCompile Include="source\universal\com_memory.cpp">
      <Filter>Source Files</Filter>
    </ClCompile>
    <ClCompile Include="source\devgui\devgui.cpp">
      <Filter>Source Files</Filter>
    </ClCompile>
    <ClCompile Include="source\xanim\xmodel.cpp">
      <Filter>Source Files</Filter>
    </ClCompile>
    <ClCompile Include="source\universal\com_tasks.cpp">
      <Filter>Source Files</Filter>
    </ClCompile>
  </ItemGroup>
  <ItemGroup>
    <ClInclude Include="source\win32\win_main.h">
      <Filter>Header Files</Filter>
    </ClInclude>
    <ClInclude Include="source\qcommon\common.h">
      <Filter>Header Files</Filter>
    </ClInclude>
    <ClInclude Include="source\qcommon\threads.h">
      <Filter>Header Files</Filter>
    </ClInclude>
    <ClInclude Include="source\universal\blackbox.h">
      <Filter>Header Files</Filter>
    </ClInclude>
    <ClInclude Include="source\universal\blackbox_data.h">
      <Filter>Header Files</Filter>
    </ClInclude>
    <ClInclude Include="source\win32\win_gamepad.h">
      <Filter>Header Files</Filter>
    </ClInclude>
    <ClInclude Include="source\defs.h">
      <Filter>Header Files</Filter>
    </ClInclude>
    <ClInclude Include="source\universal\q_shared.h">
      <Filter>Header Files</Filter>
    </ClInclude>
    <ClInclude Include="source\universal\assertive.h">
      <Filter>Header Files</Filter>
    </ClInclude>
    <ClInclude Include="source\gfx_d3d\gfx.h">
      <Filter>Header Files</Filter>
    </ClInclude>
    <ClInclude Include="source\universal\win_common.h">
      <Filter>Header Files</Filter>
    </ClInclude>
    <ClInclude Include="source\client\con_channels.h">
      <Filter>Header Files</Filter>
    </ClInclude>
    <ClInclude Include="source\universal\dvar.h">
      <Filter>Header Files</Filter>
    </ClInclude>
    <ClInclude Include="source\cgame_mp\cg_main_mp.h">
      <Filter>Header Files</Filter>
    </ClInclude>
    <ClInclude Include="source\cgame\cg_main.h">
      <Filter>Header Files</Filter>
    </ClInclude>
    <ClInclude Include="source\game_mp\savememory_mp.h">
      <Filter>Header Files</Filter>
    </ClInclude>
    <ClInclude Include="source\universal\com_memory.h">
      <Filter>Header Files</Filter>
    </ClInclude>
    <ClInclude Include="source\devgui\devgui.h">
      <Filter>Header Files</Filter>
    </ClInclude>
    <ClInclude Include="source\xanim\xmodel.h">
      <Filter>Header Files</Filter>
    </ClInclude>
    <ClInclude Include="source\universal\com_tasks.h">
      <Filter>Header Files</Filter>
    </ClInclude>
  </ItemGroup>
</Project>