<?xml version="1.0" encoding="utf-8"?>
<Project ToolsVersion="4.0" xmlns="http://schemas.microsoft.com/developer/msbuild/2003">
  <ItemGroup>
    <Filter Include="Source Files">
      <UniqueIdentifier>{4FC737F1-C7A5-4376-A066-2A32D752A2FF}</UniqueIdentifier>
      <Extensions>cpp;c;cc;cxx;c++;cppm;ixx;def;odl;idl;hpj;bat;asm;asmx</Extensions>
    </Filter>
    <Filter Include="Header Files">
      <UniqueIdentifier>{93995380-89BD-4b04-88EB-625FBE52EBFB}</UniqueIdentifier>
      <Extensions>h;hh;hpp;hxx;h++;hm;inl;inc;ipp;xsd</Extensions>
    </Filter>
    <Filter Include="Resource Files">
      <UniqueIdentifier>{67DA6AB6-F800-4c08-8B7A-83BB121AAD01}</UniqueIdentifier>
      <Extensions>rc;ico;cur;bmp;dlg;rc2;rct;bin;rgs;gif;jpg;jpeg;jpe;resx;tiff;tif;png;wav;mfcribbon-ms</Extensions>
    </Filter>
  </ItemGroup>
  <ItemGroup>
    <ClCompile Include="bdCore\bdMutex.cpp">
      <Filter>Source Files</Filter>
    </ClCompile>
    <ClCompile Include="bdCore\bdRandom.cpp">
      <Filter>Source Files</Filter>
    </ClCompile>
    <ClCompile Include="bdCore\bdRunnable.cpp">
      <Filter>Source Files</Filter>
    </ClCompile>
    <ClCompile Include="bdPlatform\bdLinkable.cpp">
      <Filter>Source Files</Filter>
    </ClCompile>
    <ClCompile Include="bdPlatform\bdPlatformMutex-win32.cpp">
      <Filter>Source Files</Filter>
    </ClCompile>
    <ClCompile Include="bdPlatform\bdPlatformSemaphore-win32.cpp">
      <Filter>Source Files</Filter>
    </ClCompile>
    <ClCompile Include="bdPlatform\bdPlatformSocket-win32.cpp">
      <Filter>Source Files</Filter>
    </ClCompile>
    <ClCompile Include="bdPlatform\bdPlatformString.cpp">
      <Filter>Source Files</Filter>
    </ClCompile>
    <ClCompile Include="bdPlatform\bdPlatformThread-win32.cpp">
      <Filter>Source Files</Filter>
    </ClCompile>
    <ClCompile Include="pch.cpp">
      <Filter>Source Files</Filter>
    </ClCompile>
    <ClCompile Include="bdPlatform\bdPlatformTiming-win32.cpp">
      <Filter>Source Files</Filter>
    </ClCompile>
    <ClCompile Include="bdPlatform\bdInAddr.cpp">
      <Filter>Source Files</Filter>
    </ClCompile>
    <ClCompile Include="bdPlatform\bdPlatformTrulyRandom-win32.cpp">
      <Filter>Source Files</Filter>
    </ClCompile>
    <ClCompile Include="bdPlatform\bdPlatformLog.cpp">
      <Filter>Source Files</Filter>
    </ClCompile>
    <ClCompile Include="bdPlatform\bdPlatformStreamSocket-win32.cpp">
      <Filter>Source Files</Filter>
    </ClCompile>
    <ClCompile Include="bdCore\bdAddr.cpp">
      <Filter>Source Files</Filter>
    </ClCompile>
    <ClCompile Include="bdConnection\bdChunk.cpp">
      <Filter>Source Files</Filter>
    </ClCompile>
    <ClCompile Include="bdCore\bdBytePacker.cpp">
      <Filter>Source Files</Filter>
    </ClCompile>
    <ClCompile Include="bdCore\bdCore.cpp">
      <Filter>Source Files</Filter>
    </ClCompile>
    <ClCompile Include="bdCore\bdMallocMemory.cpp">
      <Filter>Source Files</Filter>
    </ClCompile>
    <ClCompile Include="bdCore\bdAlignedOffsetMemory.cpp">
      <Filter>Source Files</Filter>
    </ClCompile>
    <ClCompile Include="bdCore\bdMemory.cpp">
      <Filter>Source Files</Filter>
    </ClCompile>
    <ClCompile Include="bdCore\bdHashMD5.cpp">
      <Filter>Source Files</Filter>
    </ClCompile>
  </ItemGroup>
  <ItemGroup>
    <ClInclude Include="bdCore\bdMutex.h">
      <Filter>Header Files</Filter>
    </ClInclude>
    <ClInclude Include="bdCore\bdRandom.h">
      <Filter>Header Files</Filter>
    </ClInclude>
    <ClInclude Include="bdCore\bdRunnable.h">
      <Filter>Header Files</Filter>
    </ClInclude>
    <ClInclude Include="bdPlatform\bdLinkable.h">
      <Filter>Header Files</Filter>
    </ClInclude>
    <ClInclude Include="bdPlatform\bdPlatformMutex-win32.h">
      <Filter>Header Files</Filter>
    </ClInclude>
    <ClInclude Include="bdPlatform\bdPlatformSemaphore-win32.h">
      <Filter>Header Files</Filter>
    </ClInclude>
    <ClInclude Include="bdPlatform\bdPlatformSocket.h">
      <Filter>Header Files</Filter>
    </ClInclude>
    <ClInclude Include="bdPlatform\bdPlatformString.h">
      <Filter>Header Files</Filter>
    </ClInclude>
    <ClInclude Include="bdPlatform\bdPlatformThread-win32.h">
      <Filter>Header Files</Filter>
    </ClInclude>
    <ClInclude Include="pch.h">
      <Filter>Header Files</Filter>
    </ClInclude>
    <ClInclude Include="bdPlatform\bdPlatformTiming-win32.h">
      <Filter>Header Files</Filter>
    </ClInclude>
    <ClInclude Include="idadefs.h">
      <Filter>Header Files</Filter>
    </ClInclude>
    <ClInclude Include="bdPlatform\bdInAddr.h">
      <Filter>Header Files</Filter>
    </ClInclude>
    <ClInclude Include="bdPlatform\bdPlatformTrulyRandom-win32.h">
      <Filter>Header Files</Filter>
    </ClInclude>
    <ClInclude Include="bdPlatform\bdPlatformLog.h">
      <Filter>Header Files</Filter>
    </ClInclude>
    <ClInclude Include="bdPlatform\bdPlatformStreamSocket-win32.h">
      <Filter>Header Files</Filter>
    </ClInclude>
    <ClInclude Include="bdCore\bdAddr.h">
      <Filter>Header Files</Filter>
    </ClInclude>
    <ClInclude Include="bdConnection\bdChunk.h">
      <Filter>Header Files</Filter>
    </ClInclude>
    <ClInclude Include="bdCore\bdBytePacker.h">
      <Filter>Header Files</Filter>
    </ClInclude>
    <ClInclude Include="bdCore\bdCore.h">
      <Filter>Header Files</Filter>
    </ClInclude>
    <ClInclude Include="bdCore\bdMallocMemory.h">
      <Filter>Header Files</Filter>
    </ClInclude>
    <ClInclude Include="bdCore\bdAlignedOffsetMemory.h">
      <Filter>Header Files</Filter>
    </ClInclude>
    <ClInclude Include="bdCore\bdMemory.h">
      <Filter>Header Files</Filter>
    </ClInclude>
    <ClInclude Include="bdCore\bdHashMD5.h">
      <Filter>Header Files</Filter>
    </ClInclude>
  </ItemGroup>
</Project>